// !$*UTF8*$!
{
	archiveVersion = 1;
	classes = {
	};
	objectVersion = 46;
	objects = {

/* Begin PBXBuildFile section */
		605B28A5198FBF390058CE73 /* Foundation.framework in Frameworks */ = {isa = PBXBuildFile; fileRef = 605B28A4198FBF390058CE73 /* Foundation.framework */; };
		605B28A7198FBF390058CE73 /* CoreGraphics.framework in Frameworks */ = {isa = PBXBuildFile; fileRef = 605B28A6198FBF390058CE73 /* CoreGraphics.framework */; };
		605B28A9198FBF390058CE73 /* UIKit.framework in Frameworks */ = {isa = PBXBuildFile; fileRef = 605B28A8198FBF390058CE73 /* UIKit.framework */; };
		605B28AF198FBF390058CE73 /* InfoPlist.strings in Resources */ = {isa = PBXBuildFile; fileRef = 605B28AD198FBF390058CE73 /* InfoPlist.strings */; };
		605B28B1198FBF390058CE73 /* main.m in Sources */ = {isa = PBXBuildFile; fileRef = 605B28B0198FBF390058CE73 /* main.m */; };
		605B28B5198FBF390058CE73 /* SCRAppDelegate.m in Sources */ = {isa = PBXBuildFile; fileRef = 605B28B4198FBF390058CE73 /* SCRAppDelegate.m */; };
		605B28B7198FBF390058CE73 /* Images.xcassets in Resources */ = {isa = PBXBuildFile; fileRef = 605B28B6198FBF390058CE73 /* Images.xcassets */; };
		605B28BE198FBF390058CE73 /* XCTest.framework in Frameworks */ = {isa = PBXBuildFile; fileRef = 605B28BD198FBF390058CE73 /* XCTest.framework */; };
		605B28BF198FBF390058CE73 /* Foundation.framework in Frameworks */ = {isa = PBXBuildFile; fileRef = 605B28A4198FBF390058CE73 /* Foundation.framework */; };
		605B28C0198FBF390058CE73 /* UIKit.framework in Frameworks */ = {isa = PBXBuildFile; fileRef = 605B28A8198FBF390058CE73 /* UIKit.framework */; };
		605B28C8198FBF390058CE73 /* InfoPlist.strings in Resources */ = {isa = PBXBuildFile; fileRef = 605B28C6198FBF390058CE73 /* InfoPlist.strings */; };
		605B28CA198FBF390058CE73 /* ScribblesTests.m in Sources */ = {isa = PBXBuildFile; fileRef = 605B28C9198FBF390058CE73 /* ScribblesTests.m */; };
		605B28D6198FBFAE0058CE73 /* SCRDrawViewController.m in Sources */ = {isa = PBXBuildFile; fileRef = 605B28D5198FBFAE0058CE73 /* SCRDrawViewController.m */; };
		605B28DA198FBFFB0058CE73 /* SCRDrawView.m in Sources */ = {isa = PBXBuildFile; fileRef = 605B28D9198FBFFB0058CE73 /* SCRDrawView.m */; };
/* End PBXBuildFile section */

/* Begin PBXContainerItemProxy section */
		605B28C1198FBF390058CE73 /* PBXContainerItemProxy */ = {
			isa = PBXContainerItemProxy;
			containerPortal = 605B2899198FBF390058CE73 /* Project object */;
			proxyType = 1;
			remoteGlobalIDString = 605B28A0198FBF390058CE73;
			remoteInfo = Scribbles;
		};
/* End PBXContainerItemProxy section */

/* Begin PBXFileReference section */
		605B28A1198FBF390058CE73 /* Scribbles.app */ = {isa = PBXFileReference; explicitFileType = wrapper.application; includeInIndex = 0; path = Scribbles.app; sourceTree = BUILT_PRODUCTS_DIR; };
		605B28A4198FBF390058CE73 /* Foundation.framework */ = {isa = PBXFileReference; lastKnownFileType = wrapper.framework; name = Foundation.framework; path = System/Library/Frameworks/Foundation.framework; sourceTree = SDKROOT; };
		605B28A6198FBF390058CE73 /* CoreGraphics.framework */ = {isa = PBXFileReference; lastKnownFileType = wrapper.framework; name = CoreGraphics.framework; path = System/Library/Frameworks/CoreGraphics.framework; sourceTree = SDKROOT; };
		605B28A8198FBF390058CE73 /* UIKit.framework */ = {isa = PBXFileReference; lastKnownFileType = wrapper.framework; name = UIKit.framework; path = System/Library/Frameworks/UIKit.framework; sourceTree = SDKROOT; };
		605B28AC198FBF390058CE73 /* Scribbles-Info.plist */ = {isa = PBXFileReference; lastKnownFileType = text.plist.xml; path = "Scribbles-Info.plist"; sourceTree = "<group>"; };
		605B28AE198FBF390058CE73 /* en */ = {isa = PBXFileReference; lastKnownFileType = text.plist.strings; name = en; path = en.lproj/InfoPlist.strings; sourceTree = "<group>"; };
		605B28B0198FBF390058CE73 /* main.m */ = {isa = PBXFileReference; lastKnownFileType = sourcecode.c.objc; path = main.m; sourceTree = "<group>"; };
		605B28B2198FBF390058CE73 /* Scribbles-Prefix.pch */ = {isa = PBXFileReference; lastKnownFileType = sourcecode.c.h; path = "Scribbles-Prefix.pch"; sourceTree = "<group>"; };
		605B28B3198FBF390058CE73 /* SCRAppDelegate.h */ = {isa = PBXFileReference; lastKnownFileType = sourcecode.c.h; path = SCRAppDelegate.h; sourceTree = "<group>"; };
		605B28B4198FBF390058CE73 /* SCRAppDelegate.m */ = {isa = PBXFileReference; lastKnownFileType = sourcecode.c.objc; path = SCRAppDelegate.m; sourceTree = "<group>"; };
		605B28B6198FBF390058CE73 /* Images.xcassets */ = {isa = PBXFileReference; lastKnownFileType = folder.assetcatalog; path = Images.xcassets; sourceTree = "<group>"; };
		605B28BC198FBF390058CE73 /* ScribblesTests.xctest */ = {isa = PBXFileReference; explicitFileType = wrapper.cfbundle; includeInIndex = 0; path = ScribblesTests.xctest; sourceTree = BUILT_PRODUCTS_DIR; };
		605B28BD198FBF390058CE73 /* XCTest.framework */ = {isa = PBXFileReference; lastKnownFileType = wrapper.framework; name = XCTest.framework; path = Library/Frameworks/XCTest.framework; sourceTree = DEVELOPER_DIR; };
		605B28C5198FBF390058CE73 /* ScribblesTests-Info.plist */ = {isa = PBXFileReference; lastKnownFileType = text.plist.xml; path = "ScribblesTests-Info.plist"; sourceTree = "<group>"; };
		605B28C7198FBF390058CE73 /* en */ = {isa = PBXFileReference; lastKnownFileType = text.plist.strings; name = en; path = en.lproj/InfoPlist.strings; sourceTree = "<group>"; };
		605B28C9198FBF390058CE73 /* ScribblesTests.m */ = {isa = PBXFileReference; lastKnownFileType = sourcecode.c.objc; path = ScribblesTests.m; sourceTree = "<group>"; };
		605B28D4198FBFAE0058CE73 /* SCRDrawViewController.h */ = {isa = PBXFileReference; fileEncoding = 4; lastKnownFileType = sourcecode.c.h; name = SCRDrawViewController.h; path = Scribbles/SCRDrawViewController.h; sourceTree = "<group>"; };
		605B28D5198FBFAE0058CE73 /* SCRDrawViewController.m */ = {isa = PBXFileReference; fileEncoding = 4; lastKnownFileType = sourcecode.c.objc; name = SCRDrawViewController.m; path = Scribbles/SCRDrawViewController.m; sourceTree = "<group>"; };
		605B28D8198FBFFB0058CE73 /* SCRDrawView.h */ = {isa = PBXFileReference; fileEncoding = 4; lastKnownFileType = sourcecode.c.h; name = SCRDrawView.h; path = Scribbles/SCRDrawView.h; sourceTree = "<group>"; };
		605B28D9198FBFFB0058CE73 /* SCRDrawView.m */ = {isa = PBXFileReference; fileEncoding = 4; lastKnownFileType = sourcecode.c.objc; name = SCRDrawView.m; path = Scribbles/SCRDrawView.m; sourceTree = "<group>"; };
/* End PBXFileReference section */

/* Begin PBXFrameworksBuildPhase section */
		605B289E198FBF390058CE73 /* Frameworks */ = {
			isa = PBXFrameworksBuildPhase;
			buildActionMask = 2147483647;
			files = (
				605B28A7198FBF390058CE73 /* CoreGraphics.framework in Frameworks */,
				605B28A9198FBF390058CE73 /* UIKit.framework in Frameworks */,
				605B28A5198FBF390058CE73 /* Foundation.framework in Frameworks */,
			);
			runOnlyForDeploymentPostprocessing = 0;
		};
		605B28B9198FBF390058CE73 /* Frameworks */ = {
			isa = PBXFrameworksBuildPhase;
			buildActionMask = 2147483647;
			files = (
				605B28BE198FBF390058CE73 /* XCTest.framework in Frameworks */,
				605B28C0198FBF390058CE73 /* UIKit.framework in Frameworks */,
				605B28BF198FBF390058CE73 /* Foundation.framework in Frameworks */,
			);
			runOnlyForDeploymentPostprocessing = 0;
		};
/* End PBXFrameworksBuildPhase section */

/* Begin PBXGroup section */
		605B2898198FBF390058CE73 = {
			isa = PBXGroup;
			children = (
				605B28D3198FBF840058CE73 /* Controllers */,
				605B28AA198FBF390058CE73 /* Scribbles */,
				605B28C3198FBF390058CE73 /* ScribblesTests */,
				605B28A3198FBF390058CE73 /* Frameworks */,
				605B28A2198FBF390058CE73 /* Products */,
			);
			sourceTree = "<group>";
		};
		605B28A2198FBF390058CE73 /* Products */ = {
			isa = PBXGroup;
			children = (
				605B28A1198FBF390058CE73 /* Scribbles.app */,
				605B28BC198FBF390058CE73 /* ScribblesTests.xctest */,
			);
			name = Products;
			sourceTree = "<group>";
		};
		605B28A3198FBF390058CE73 /* Frameworks */ = {
			isa = PBXGroup;
			children = (
				605B28A4198FBF390058CE73 /* Foundation.framework */,
				605B28A6198FBF390058CE73 /* CoreGraphics.framework */,
				605B28A8198FBF390058CE73 /* UIKit.framework */,
				605B28BD198FBF390058CE73 /* XCTest.framework */,
			);
			name = Frameworks;
			sourceTree = "<group>";
		};
		605B28AA198FBF390058CE73 /* Scribbles */ = {
			isa = PBXGroup;
			children = (
				605B28B3198FBF390058CE73 /* SCRAppDelegate.h */,
				605B28B4198FBF390058CE73 /* SCRAppDelegate.m */,
				605B28B6198FBF390058CE73 /* Images.xcassets */,
				605B28AB198FBF390058CE73 /* Supporting Files */,
			);
			path = Scribbles;
			sourceTree = "<group>";
		};
		605B28AB198FBF390058CE73 /* Supporting Files */ = {
			isa = PBXGroup;
			children = (
				605B28AC198FBF390058CE73 /* Scribbles-Info.plist */,
				605B28AD198FBF390058CE73 /* InfoPlist.strings */,
				605B28B0198FBF390058CE73 /* main.m */,
				605B28B2198FBF390058CE73 /* Scribbles-Prefix.pch */,
			);
			name = "Supporting Files";
			sourceTree = "<group>";
		};
		605B28C3198FBF390058CE73 /* ScribblesTests */ = {
			isa = PBXGroup;
			children = (
				605B28C9198FBF390058CE73 /* ScribblesTests.m */,
				605B28C4198FBF390058CE73 /* Supporting Files */,
			);
			path = ScribblesTests;
			sourceTree = "<group>";
		};
		605B28C4198FBF390058CE73 /* Supporting Files */ = {
			isa = PBXGroup;
			children = (
				605B28C5198FBF390058CE73 /* ScribblesTests-Info.plist */,
				605B28C6198FBF390058CE73 /* InfoPlist.strings */,
			);
			name = "Supporting Files";
			sourceTree = "<group>";
		};
		605B28D3198FBF840058CE73 /* Controllers */ = {
			isa = PBXGroup;
			children = (
				605B28D4198FBFAE0058CE73 /* SCRDrawViewController.h */,
				605B28D5198FBFAE0058CE73 /* SCRDrawViewController.m */,
				605B28D7198FBFCF0058CE73 /* Draw Views */,
			);
			name = Controllers;
			sourceTree = "<group>";
		};
		605B28D7198FBFCF0058CE73 /* Draw Views */ = {
			isa = PBXGroup;
			children = (
				605B28D8198FBFFB0058CE73 /* SCRDrawView.h */,
				605B28D9198FBFFB0058CE73 /* SCRDrawView.m */,
			);
			name = "Draw Views";
			sourceTree = "<group>";
		};
/* End PBXGroup section */

/* Begin PBXNativeTarget section */
		605B28A0198FBF390058CE73 /* Scribbles */ = {
			isa = PBXNativeTarget;
			buildConfigurationList = 605B28CD198FBF390058CE73 /* Build configuration list for PBXNativeTarget "Scribbles" */;
			buildPhases = (
				605B289D198FBF390058CE73 /* Sources */,
				605B289E198FBF390058CE73 /* Frameworks */,
				605B289F198FBF390058CE73 /* Resources */,
			);
			buildRules = (
			);
			dependencies = (
			);
			name = Scribbles;
			productName = Scribbles;
			productReference = 605B28A1198FBF390058CE73 /* Scribbles.app */;
			productType = "com.apple.product-type.application";
		};
		605B28BB198FBF390058CE73 /* ScribblesTests */ = {
			isa = PBXNativeTarget;
			buildConfigurationList = 605B28D0198FBF390058CE73 /* Build configuration list for PBXNativeTarget "ScribblesTests" */;
			buildPhases = (
				605B28B8198FBF390058CE73 /* Sources */,
				605B28B9198FBF390058CE73 /* Frameworks */,
				605B28BA198FBF390058CE73 /* Resources */,
			);
			buildRules = (
			);
			dependencies = (
				605B28C2198FBF390058CE73 /* PBXTargetDependency */,
			);
			name = ScribblesTests;
			productName = ScribblesTests;
			productReference = 605B28BC198FBF390058CE73 /* ScribblesTests.xctest */;
			productType = "com.apple.product-type.bundle.unit-test";
		};
/* End PBXNativeTarget section */

/* Begin PBXProject section */
		605B2899198FBF390058CE73 /* Project object */ = {
			isa = PBXProject;
			attributes = {
				CLASSPREFIX = SCR;
				LastUpgradeCheck = 0510;
				ORGANIZATIONNAME = "Shane Sniteman";
				TargetAttributes = {
					605B28BB198FBF390058CE73 = {
						TestTargetID = 605B28A0198FBF390058CE73;
					};
				};
			};
			buildConfigurationList = 605B289C198FBF390058CE73 /* Build configuration list for PBXProject "Scribbles" */;
			compatibilityVersion = "Xcode 3.2";
			developmentRegion = English;
			hasScannedForEncodings = 0;
			knownRegions = (
				en,
			);
			mainGroup = 605B2898198FBF390058CE73;
			productRefGroup = 605B28A2198FBF390058CE73 /* Products */;
			projectDirPath = "";
			projectRoot = "";
			targets = (
				605B28A0198FBF390058CE73 /* Scribbles */,
				605B28BB198FBF390058CE73 /* ScribblesTests */,
			);
		};
/* End PBXProject section */

/* Begin PBXResourcesBuildPhase section */
		605B289F198FBF390058CE73 /* Resources */ = {
			isa = PBXResourcesBuildPhase;
			buildActionMask = 2147483647;
			files = (
				605B28AF198FBF390058CE73 /* InfoPlist.strings in Resources */,
				605B28B7198FBF390058CE73 /* Images.xcassets in Resources */,
			);
			runOnlyForDeploymentPostprocessing = 0;
		};
		605B28BA198FBF390058CE73 /* Resources */ = {
			isa = PBXResourcesBuildPhase;
			buildActionMask = 2147483647;
			files = (
				605B28C8198FBF390058CE73 /* InfoPlist.strings in Resources */,
			);
			runOnlyForDeploymentPostprocessing = 0;
		};
/* End PBXResourcesBuildPhase section */

/* Begin PBXSourcesBuildPhase section */
		605B289D198FBF390058CE73 /* Sources */ = {
			isa = PBXSourcesBuildPhase;
			buildActionMask = 2147483647;
			files = (
				605B28B1198FBF390058CE73 /* main.m in Sources */,
				605B28DA198FBFFB0058CE73 /* SCRDrawView.m in Sources */,
				605B28D6198FBFAE0058CE73 /* SCRDrawViewController.m in Sources */,
				605B28B5198FBF390058CE73 /* SCRAppDelegate.m in Sources */,
			);
			runOnlyForDeploymentPostprocessing = 0;
		};
		605B28B8198FBF390058CE73 /* Sources */ = {
			isa = PBXSourcesBuildPhase;
			buildActionMask = 2147483647;
			files = (
				605B28CA198FBF390058CE73 /* ScribblesTests.m in Sources */,
			);
			runOnlyForDeploymentPostprocessing = 0;
		};
/* End PBXSourcesBuildPhase section */

/* Begin PBXTargetDependency section */
		605B28C2198FBF390058CE73 /* PBXTargetDependency */ = {
			isa = PBXTargetDependency;
			target = 605B28A0198FBF390058CE73 /* Scribbles */;
			targetProxy = 605B28C1198FBF390058CE73 /* PBXContainerItemProxy */;
		};
/* End PBXTargetDependency section */

/* Begin PBXVariantGroup section */
		605B28AD198FBF390058CE73 /* InfoPlist.strings */ = {
			isa = PBXVariantGroup;
			children = (
				605B28AE198FBF390058CE73 /* en */,
			);
			name = InfoPlist.strings;
			sourceTree = "<group>";
		};
		605B28C6198FBF390058CE73 /* InfoPlist.strings */ = {
			isa = PBXVariantGroup;
			children = (
				605B28C7198FBF390058CE73 /* en */,
			);
			name = InfoPlist.strings;
			sourceTree = "<group>";
		};
/* End PBXVariantGroup section */

/* Begin XCBuildConfiguration section */
		605B28CB198FBF390058CE73 /* Debug */ = {
			isa = XCBuildConfiguration;
			buildSettings = {
				ALWAYS_SEARCH_USER_PATHS = NO;
				CLANG_CXX_LANGUAGE_STANDARD = "gnu++0x";
				CLANG_CXX_LIBRARY = "libc++";
				CLANG_ENABLE_MODULES = YES;
				CLANG_ENABLE_OBJC_ARC = YES;
				CLANG_WARN_BOOL_CONVERSION = YES;
				CLANG_WARN_CONSTANT_CONVERSION = YES;
				CLANG_WARN_DIRECT_OBJC_ISA_USAGE = YES_ERROR;
				CLANG_WARN_EMPTY_BODY = YES;
				CLANG_WARN_ENUM_CONVERSION = YES;
				CLANG_WARN_INT_CONVERSION = YES;
				CLANG_WARN_OBJC_ROOT_CLASS = YES_ERROR;
				CLANG_WARN__DUPLICATE_METHOD_MATCH = YES;
				"CODE_SIGN_IDENTITY[sdk=iphoneos*]" = "iPhone Developer";
				COPY_PHASE_STRIP = NO;
				GCC_C_LANGUAGE_STANDARD = gnu99;
				GCC_DYNAMIC_NO_PIC = NO;
				GCC_OPTIMIZATION_LEVEL = 0;
				GCC_PREPROCESSOR_DEFINITIONS = (
					"DEBUG=1",
					"$(inherited)",
				);
				GCC_SYMBOLS_PRIVATE_EXTERN = NO;
				GCC_WARN_64_TO_32_BIT_CONVERSION = YES;
				GCC_WARN_ABOUT_RETURN_TYPE = YES_ERROR;
				GCC_WARN_UNDECLARED_SELECTOR = YES;
				GCC_WARN_UNINITIALIZED_AUTOS = YES_AGGRESSIVE;
				GCC_WARN_UNUSED_FUNCTION = YES;
				GCC_WARN_UNUSED_VARIABLE = YES;
				IPHONEOS_DEPLOYMENT_TARGET = 7.1;
				ONLY_ACTIVE_ARCH = YES;
				SDKROOT = iphoneos;
			};
			name = Debug;
		};
		605B28CC198FBF390058CE73 /* Release */ = {
			isa = XCBuildConfiguration;
			buildSettings = {
				ALWAYS_SEARCH_USER_PATHS = NO;
				CLANG_CXX_LANGUAGE_STANDARD = "gnu++0x";
				CLANG_CXX_LIBRARY = "libc++";
				CLANG_ENABLE_MODULES = YES;
				CLANG_ENABLE_OBJC_ARC = YES;
				CLANG_WARN_BOOL_CONVERSION = YES;
				CLANG_WARN_CONSTANT_CONVERSION = YES;
				CLANG_WARN_DIRECT_OBJC_ISA_USAGE = YES_ERROR;
				CLANG_WARN_EMPTY_BODY = YES;
				CLANG_WARN_ENUM_CONVERSION = YES;
				CLANG_WARN_INT_CONVERSION = YES;
				CLANG_WARN_OBJC_ROOT_CLASS = YES_ERROR;
				CLANG_WARN__DUPLICATE_METHOD_MATCH = YES;
				"CODE_SIGN_IDENTITY[sdk=iphoneos*]" = "iPhone Developer";
				COPY_PHASE_STRIP = YES;
				ENABLE_NS_ASSERTIONS = NO;
				GCC_C_LANGUAGE_STANDARD = gnu99;
				GCC_WARN_64_TO_32_BIT_CONVERSION = YES;
				GCC_WARN_ABOUT_RETURN_TYPE = YES_ERROR;
				GCC_WARN_UNDECLARED_SELECTOR = YES;
				GCC_WARN_UNINITIALIZED_AUTOS = YES_AGGRESSIVE;
				GCC_WARN_UNUSED_FUNCTION = YES;
				GCC_WARN_UNUSED_VARIABLE = YES;
				IPHONEOS_DEPLOYMENT_TARGET = 7.1;
				SDKROOT = iphoneos;
				VALIDATE_PRODUCT = YES;
			};
			name = Release;
		};
		605B28CE198FBF390058CE73 /* Debug */ = {
			isa = XCBuildConfiguration;
			buildSettings = {
				ASSETCATALOG_COMPILER_APPICON_NAME = AppIcon;
				ASSETCATALOG_COMPILER_LAUNCHIMAGE_NAME = LaunchImage;
				GCC_PRECOMPILE_PREFIX_HEADER = YES;
				GCC_PREFIX_HEADER = "Scribbles/Scribbles-Prefix.pch";
				INFOPLIST_FILE = "Scribbles/Scribbles-Info.plist";
				PRODUCT_NAME = "$(TARGET_NAME)";
				WRAPPER_EXTENSION = app;
			};
			name = Debug;
		};
		605B28CF198FBF390058CE73 /* Release */ = {
			isa = XCBuildConfiguration;
			buildSettings = {
				ASSETCATALOG_COMPILER_APPICON_NAME = AppIcon;
				ASSETCATALOG_COMPILER_LAUNCHIMAGE_NAME = LaunchImage;
				GCC_PRECOMPILE_PREFIX_HEADER = YES;
				GCC_PREFIX_HEADER = "Scribbles/Scribbles-Prefix.pch";
				INFOPLIST_FILE = "Scribbles/Scribbles-Info.plist";
				PRODUCT_NAME = "$(TARGET_NAME)";
				WRAPPER_EXTENSION = app;
			};
			name = Release;
		};
		605B28D1198FBF390058CE73 /* Debug */ = {
			isa = XCBuildConfiguration;
			buildSettings = {
				BUNDLE_LOADER = "$(BUILT_PRODUCTS_DIR)/Scribbles.app/Scribbles";
				FRAMEWORK_SEARCH_PATHS = (
					"$(SDKROOT)/Developer/Library/Frameworks",
					"$(inherited)",
					"$(DEVELOPER_FRAMEWORKS_DIR)",
				);
				GCC_PRECOMPILE_PREFIX_HEADER = YES;
				GCC_PREFIX_HEADER = "Scribbles/Scribbles-Prefix.pch";
				GCC_PREPROCESSOR_DEFINITIONS = (
					"DEBUG=1",
					"$(inherited)",
				);
				INFOPLIST_FILE = "ScribblesTests/ScribblesTests-Info.plist";
				PRODUCT_NAME = "$(TARGET_NAME)";
				TEST_HOST = "$(BUNDLE_LOADER)";
				WRAPPER_EXTENSION = xctest;
			};
			name = Debug;
		};
		605B28D2198FBF390058CE73 /* Release */ = {
			isa = XCBuildConfiguration;
			buildSettings = {
				BUNDLE_LOADER = "$(BUILT_PRODUCTS_DIR)/Scribbles.app/Scribbles";
				FRAMEWORK_SEARCH_PATHS = (
					"$(SDKROOT)/Developer/Library/Frameworks",
					"$(inherited)",
					"$(DEVELOPER_FRAMEWORKS_DIR)",
				);
				GCC_PRECOMPILE_PREFIX_HEADER = YES;
				GCC_PREFIX_HEADER = "Scribbles/Scribbles-Prefix.pch";
				INFOPLIST_FILE = "ScribblesTests/ScribblesTests-Info.plist";
				PRODUCT_NAME = "$(TARGET_NAME)";
				TEST_HOST = "$(BUNDLE_LOADER)";
				WRAPPER_EXTENSION = xctest;
			};
			name = Release;
		};
/* End XCBuildConfiguration section */

/* Begin XCConfigurationList section */
		605B289C198FBF390058CE73 /* Build configuration list for PBXProject "Scribbles" */ = {
			isa = XCConfigurationList;
			buildConfigurations = (
				605B28CB198FBF390058CE73 /* Debug */,
				605B28CC198FBF390058CE73 /* Release */,
			);
			defaultConfigurationIsVisible = 0;
			defaultConfigurationName = Release;
		};
		605B28CD198FBF390058CE73 /* Build configuration list for PBXNativeTarget "Scribbles" */ = {
			isa = XCConfigurationList;
			buildConfigurations = (
				605B28CE198FBF390058CE73 /* Debug */,
				605B28CF198FBF390058CE73 /* Release */,
			);
			defaultConfigurationIsVisible = 0;
		};
		605B28D0198FBF390058CE73 /* Build configuration list for PBXNativeTarget "ScribblesTests" */ = {
			isa = XCConfigurationList;
			buildConfigurations = (
				605B28D1198FBF390058CE73 /* Debug */,
				605B28D2198FBF390058CE73 /* Release */,
			);
			defaultConfigurationIsVisible = 0;
		};
/* End XCConfigurationList section */
	};
	rootObject = 605B2899198FBF390058CE73 /* Project object */;
}
